
Microsoft Visual Studio Solution File, Format Version 12.00
# Visual Studio 2012
Project("{8BC9CEB8-8B4A-11D0-8D11-00A0C91BC942}") = "Project175", "Project175\Project175.vcxproj", "{3883D8FB-C4DD-4454-9FAA-6F8F77785419}"
EndProject
Global
	GlobalSection(SolutionConfigurationPlatforms) = preSolution
		Debug|Win32 = Debug|Win32
		Release|Win32 = Release|Win32
	EndGlobalSection
	GlobalSection(ProjectConfigurationPlatforms) = postSolution
		{3883D8FB-C4DD-4454-9FAA-6F8F77785419}.Debug|Win32.ActiveCfg = Debug|Win32
		{3883D8FB-C4DD-4454-9FAA-6F8F77785419}.Debug|Win32.Build.0 = Debug|Win32
		{3883D8FB-C4DD-4454-9FAA-6F8F77785419}.Release|Win32.ActiveCfg = Release|Win32
		{3883D8FB-C4DD-4454-9FAA-6F8F77785419}.Release|Win32.Build.0 = Release|Win32
	EndGlobalSection
	GlobalSection(SolutionProperties) = preSolution
		HideSolutionNode = FALSE
	EndGlobalSection
EndGlobal
