
Microsoft Visual Studio Solution File, Format Version 12.00
# Visual Studio 2012
Project("{8BC9CEB8-8B4A-11D0-8D11-00A0C91BC942}") = "hash table", "hash table\hash table.vcxproj", "{554F7B6C-8784-45B4-B2A8-598ADCB85FE8}"
EndProject
Global
	GlobalSection(SolutionConfigurationPlatforms) = preSolution
		Debug|Win32 = Debug|Win32
		Release|Win32 = Release|Win32
	EndGlobalSection
	GlobalSection(ProjectConfigurationPlatforms) = postSolution
		{554F7B6C-8784-45B4-B2A8-598ADCB85FE8}.Debug|Win32.ActiveCfg = Debug|Win32
		{554F7B6C-8784-45B4-B2A8-598ADCB85FE8}.Debug|Win32.Build.0 = Debug|Win32
		{554F7B6C-8784-45B4-B2A8-598ADCB85FE8}.Release|Win32.ActiveCfg = Release|Win32
		{554F7B6C-8784-45B4-B2A8-598ADCB85FE8}.Release|Win32.Build.0 = Release|Win32
	EndGlobalSection
	GlobalSection(SolutionProperties) = preSolution
		HideSolutionNode = FALSE
	EndGlobalSection
EndGlobal
